
Microsoft Visual Studio Solution File, Format Version 12.00
# Visual Studio Version 17
VisualStudioVersion = 17.4.33213.308
MinimumVisualStudioVersion = 10.0.40219.1
Project("{FAE04EC0-301F-11D3-BF4B-00C04F79EFBC}") = "Borsa-Nikola12a", "Borsa-Nikola12a\Borsa-Nikola12a.csproj", "{62DF2BF3-0799-4968-B00B-A1C672C93D30}"
EndProject
Global
	GlobalSection(SolutionConfigurationPlatforms) = preSolution
		Debug|Any CPU = Debug|Any CPU
		Release|Any CPU = Release|Any CPU
	EndGlobalSection
	GlobalSection(ProjectConfigurationPlatforms) = postSolution
		{62DF2BF3-0799-4968-B00B-A1C672C93D30}.Debug|Any CPU.ActiveCfg = Debug|Any CPU
		{62DF2BF3-0799-4968-B00B-A1C672C93D30}.Debug|Any CPU.Build.0 = Debug|Any CPU
		{62DF2BF3-0799-4968-B00B-A1C672C93D30}.Release|Any CPU.ActiveCfg = Release|Any CPU
		{62DF2BF3-0799-4968-B00B-A1C672C93D30}.Release|Any CPU.Build.0 = Release|Any CPU
	EndGlobalSection
	GlobalSection(SolutionProperties) = preSolution
		HideSolutionNode = FALSE
	EndGlobalSection
	GlobalSection(ExtensibilityGlobals) = postSolution
		SolutionGuid = {14A7B492-AF2F-42A9-8B59-FA4A931FEA9A}
	EndGlobalSection
EndGlobal
